// !$*UTF8*$!
{
	archiveVersion = 1;
	classes = {
	};
	objectVersion = 77;
	objects = {

/* Begin PBXContainerItemProxy section */
		B9582E0FC1CB932212D0366A /* PBXContainerItemProxy */ = {
			isa = PBXContainerItemProxy;
			containerPortal = 905193E35734875467327024 /* Project object */;
			proxyType = 1;
			remoteGlobalIDString = 9BA32EAA53117FDF40C03E9C;
			remoteInfo = MobileLearning;
		};
/* End PBXContainerItemProxy section */

/* Begin PBXFileReference section */
		689D8A4F0B052608ADF3630E /* MobileLearningTests.xctest */ = {isa = PBXFileReference; explicitFileType = wrapper.cfbundle; includeInIndex = 0; path = MobileLearningTests.xctest; sourceTree = BUILT_PRODUCTS_DIR; };
		84643024576799EFA8412C0E /* MobileLearning.app */ = {isa = PBXFileReference; explicitFileType = wrapper.application; includeInIndex = 0; path = MobileLearning.app; sourceTree = BUILT_PRODUCTS_DIR; };
/* End PBXFileReference section */

/* Begin PBXFileSystemSynchronizedRootGroup section */
		93348330BEC494ADD573B143 /* MobileLearning */ = {
			isa = PBXFileSystemSynchronizedRootGroup;
			path = MobileLearning;
			sourceTree = "<group>";
		};
		D80980DFC8DA6C800ABE0315 /* MobileLearningTests */ = {
			isa = PBXFileSystemSynchronizedRootGroup;
			path = MobileLearningTests;
			sourceTree = "<group>";
		};
/* End PBXFileSystemSynchronizedRootGroup section */

/* Begin PBXFrameworksBuildPhase section */
		326107A608837772D51ED513 /* Frameworks */ = {
			isa = PBXFrameworksBuildPhase;
			buildActionMask = 2147483647;
			files = (
			);
			runOnlyForDeploymentPostprocessing = 0;
		};
		341E99BDABF40CE8ADA8A2D9 /* Frameworks */ = {
			isa = PBXFrameworksBuildPhase;
			buildActionMask = 2147483647;
			files = (
			);
			runOnlyForDeploymentPostprocessing = 0;
		};
/* End PBXFrameworksBuildPhase section */

/* Begin PBXGroup section */
		29812324AFE067E0FD960084 = {
			isa = PBXGroup;
			children = (
				93348330BEC494ADD573B143 /* MobileLearning */,
				D80980DFC8DA6C800ABE0315 /* MobileLearningTests */,
				43D95E88FE129BE9EFBF551C /* Products */,
			);
			sourceTree = "<group>";
		};
		43D95E88FE129BE9EFBF551C /* Products */ = {
			isa = PBXGroup;
			children = (
				84643024576799EFA8412C0E /* MobileLearning.app */,
				689D8A4F0B052608ADF3630E /* MobileLearningTests.xctest */,
			);
			name = Products;
			sourceTree = "<group>";
		};
/* End PBXGroup section */

/* Begin PBXNativeTarget section */
		99B155535CFB6E887A0172A1 /* MobileLearningTests */ = {
			isa = PBXNativeTarget;
			buildConfigurationList = 7E2D2ED7FCE044E0820EB3DB /* Build configuration list for PBXNativeTarget "MobileLearningTests" */;
			buildPhases = (
				4B23A7EBAB21D806110A8778 /* Sources */,
				341E99BDABF40CE8ADA8A2D9 /* Frameworks */,
				8E7B10C8D70078F383D18C5E /* Resources */,
			);
			buildRules = (
			);
			dependencies = (
				82DF4E312C66D9D16CF2573D /* PBXTargetDependency */,
			);
			fileSystemSynchronizedGroups = (
				D80980DFC8DA6C800ABE0315 /* MobileLearningTests */,
			);
			name = MobileLearningTests;
			packageProductDependencies = (
			);
			productName = MobileLearningTests;
			productReference = 689D8A4F0B052608ADF3630E /* MobileLearningTests.xctest */;
			productType = "com.apple.product-type.bundle.unit-test";
		};
		9BA32EAA53117FDF40C03E9C /* MobileLearning */ = {
			isa = PBXNativeTarget;
			buildConfigurationList = 6029C2A311A93470B6B308A2 /* Build configuration list for PBXNativeTarget "MobileLearning" */;
			buildPhases = (
				BBC09860C58CDD8DE9EADBBD /* Sources */,
				326107A608837772D51ED513 /* Frameworks */,
				039B93145ADA94911D00D201 /* Resources */,
			);
			buildRules = (
			);
			dependencies = (
			);
			fileSystemSynchronizedGroups = (
				93348330BEC494ADD573B143 /* MobileLearning */,
			);
			name = MobileLearning;
			packageProductDependencies = (
			);
			productName = MobileLearning;
			productReference = 84643024576799EFA8412C0E /* MobileLearning.app */;
			productType = "com.apple.product-type.application";
		};
/* End PBXNativeTarget section */

/* Begin PBXProject section */
		905193E35734875467327024 /* Project object */ = {
			isa = PBXProject;
			attributes = {
				BuildIndependentTargetsInParallel = 1;
				LastSwiftUpdateCheck = 1600;
				LastUpgradeCheck = 1600;
				TargetAttributes = {
					99B155535CFB6E887A0172A1 = {
						CreatedOnToolsVersion = 16.0;
						TestTargetID = 9BA32EAA53117FDF40C03E9C;
					};
					9BA32EAA53117FDF40C03E9C = {
						CreatedOnToolsVersion = 16.0;
					};
				};
			};
			buildConfigurationList = BE5EF68241937876CAFD9988 /* Build configuration list for PBXProject "MobileLearning" */;
			developmentRegion = en;
			hasScannedForEncodings = 0;
			knownRegions = (
				en,
				Base,
			);
			mainGroup = 29812324AFE067E0FD960084;
			minimizedProjectReferenceProxies = 1;
			preferredProjectObjectVersion = 77;
			productRefGroup = 43D95E88FE129BE9EFBF551C /* Products */;
			projectDirPath = "";
			projectRoot = "";
			targets = (
				9BA32EAA53117FDF40C03E9C /* MobileLearning */,
				99B155535CFB6E887A0172A1 /* MobileLearningTests */,
			);
		};
/* End PBXProject section */

/* Begin PBXResourcesBuildPhase section */
		039B93145ADA94911D00D201 /* Resources */ = {
			isa = PBXResourcesBuildPhase;
			buildActionMask = 2147483647;
			files = (
			);
			runOnlyForDeploymentPostprocessing = 0;
		};
		8E7B10C8D70078F383D18C5E /* Resources */ = {
			isa = PBXResourcesBuildPhase;
			buildActionMask = 2147483647;
			files = (
			);
			runOnlyForDeploymentPostprocessing = 0;
		};
/* End PBXResourcesBuildPhase section */

/* Begin PBXSourcesBuildPhase section */
		4B23A7EBAB21D806110A8778 /* Sources */ = {
			isa = PBXSourcesBuildPhase;
			buildActionMask = 2147483647;
			files = (
			);
			runOnlyForDeploymentPostprocessing = 0;
		};
		BBC09860C58CDD8DE9EADBBD /* Sources */ = {
			isa = PBXSourcesBuildPhase;
			buildActionMask = 2147483647;
			files = (
			);
			runOnlyForDeploymentPostprocessing = 0;
		};
/* End PBXSourcesBuildPhase section */

/* Begin PBXTargetDependency section */
		82DF4E312C66D9D16CF2573D /* PBXTargetDependency */ = {
			isa = PBXTargetDependency;
			target = 9BA32EAA53117FDF40C03E9C /* MobileLearning */;
			targetProxy = B9582E0FC1CB932212D0366A /* PBXContainerItemProxy */;
		};
/* End PBXTargetDependency section */

/* Begin XCBuildConfiguration section */
		269D7B7DC8C4DD9D4F59C630 /* Debug */ = {
			isa = XCBuildConfiguration;
			buildSettings = {
				BUNDLE_LOADER = "$(TEST_HOST)";
				CODE_SIGN_STYLE = Automatic;
				CURRENT_PROJECT_VERSION = 1;
				GENERATE_INFOPLIST_FILE = YES;
				IPHONEOS_DEPLOYMENT_TARGET = 17.0;
				MARKETING_VERSION = 1.0;
				PRODUCT_BUNDLE_IDENTIFIER = io.github.tuanmanh28.MobileLearningTests;
				PRODUCT_NAME = "$(TARGET_NAME)";
				SWIFT_EMIT_LOC_STRINGS = NO;
				SWIFT_VERSION = 5.0;
				TARGETED_DEVICE_FAMILY = "1,2";
				TEST_HOST = "$(BUILT_PRODUCTS_DIR)/MobileLearning.app/$(BUNDLE_EXECUTABLE_FOLDER_PATH)/MobileLearning";
			};
			name = Debug;
		};
		2972C6420F0D34310B86E2F8 /* Debug */ = {
			isa = XCBuildConfiguration;
			buildSettings = {
				CODE_SIGN_STYLE = Automatic;
				CURRENT_PROJECT_VERSION = 1;
				ENABLE_PREVIEWS = YES;
				GENERATE_INFOPLIST_FILE = YES;
				INFOPLIST_KEY_CFBundleDisplayName = "Mobile Learning";
				INFOPLIST_KEY_UIApplicationSceneManifest_Generation = YES;
				INFOPLIST_KEY_UIApplicationSupportsIndirectInputEvents = YES;
				INFOPLIST_KEY_UILaunchScreen_Generation = YES;
				INFOPLIST_KEY_UISupportedInterfaceOrientations_iPad = "UIInterfaceOrientationPortrait UIInterfaceOrientationPortraitUpsideDown UIInterfaceOrientationLandscapeLeft UIInterfaceOrientationLandscapeRight";
				INFOPLIST_KEY_UISupportedInterfaceOrientations_iPhone = "UIInterfaceOrientationPortrait UIInterfaceOrientationLandscapeLeft UIInterfaceOrientationLandscapeRight";
				IPHONEOS_DEPLOYMENT_TARGET = 17.0;
				LD_RUNPATH_SEARCH_PATHS = (
					"$(inherited)",
					"@executable_path/Frameworks",
				);
				MARKETING_VERSION = 1.0;
				PRODUCT_BUNDLE_IDENTIFIER = io.github.tuanmanh28.MobileLearning;
				PRODUCT_NAME = "$(TARGET_NAME)";
				SWIFT_EMIT_LOC_STRINGS = YES;
				SWIFT_VERSION = 5.0;
				TARGETED_DEVICE_FAMILY = "1,2";
			};
			name = Debug;
		};
		2FD0155F26E233B2734A5ABE /* Release */ = {
			isa = XCBuildConfiguration;
			buildSettings = {
				CODE_SIGN_STYLE = Automatic;
				CURRENT_PROJECT_VERSION = 1;
				ENABLE_PREVIEWS = YES;
				GENERATE_INFOPLIST_FILE = YES;
				INFOPLIST_KEY_CFBundleDisplayName = "Mobile Learning";
				INFOPLIST_KEY_UIApplicationSceneManifest_Generation = YES;
				INFOPLIST_KEY_UIApplicationSupportsIndirectInputEvents = YES;
				INFOPLIST_KEY_UILaunchScreen_Generation = YES;
				INFOPLIST_KEY_UISupportedInterfaceOrientations_iPad = "UIInterfaceOrientationPortrait UIInterfaceOrientationPortraitUpsideDown UIInterfaceOrientationLandscapeLeft UIInterfaceOrientationLandscapeRight";
				INFOPLIST_KEY_UISupportedInterfaceOrientations_iPhone = "UIInterfaceOrientationPortrait UIInterfaceOrientationLandscapeLeft UIInterfaceOrientationLandscapeRight";
				IPHONEOS_DEPLOYMENT_TARGET = 17.0;
				LD_RUNPATH_SEARCH_PATHS = (
					"$(inherited)",
					"@executable_path/Frameworks",
				);
				MARKETING_VERSION = 1.0;
				PRODUCT_BUNDLE_IDENTIFIER = io.github.tuanmanh28.MobileLearning;
				PRODUCT_NAME = "$(TARGET_NAME)";
				SWIFT_EMIT_LOC_STRINGS = YES;
				SWIFT_VERSION = 5.0;
				TARGETED_DEVICE_FAMILY = "1,2";
			};
			name = Release;
		};
		734197C5DA7C6D9770CC6324 /* Debug */ = {
			isa = XCBuildConfiguration;
			buildSettings = {
				ALWAYS_SEARCH_USER_PATHS = NO;
				ASSETCATALOG_COMPILER_GENERATE_SWIFT_ASSET_SYMBOL_EXTENSIONS = YES;
				CLANG_ANALYZER_NONNULL = YES;
				CLANG_CXX_LANGUAGE_STANDARD = "gnu++20";
				CLANG_ENABLE_MODULES = YES;
				CLANG_ENABLE_OBJC_ARC = YES;
				CLANG_ENABLE_OBJC_WEAK = YES;
				COPY_PHASE_STRIP = NO;
				DEBUG_INFORMATION_FORMAT = dwarf;
				ENABLE_STRICT_OBJC_MSGSEND = YES;
				ENABLE_TESTABILITY = YES;
				ENABLE_USER_SCRIPT_SANDBOXING = YES;
				GCC_C_LANGUAGE_STANDARD = gnu17;
				GCC_DYNAMIC_NO_PIC = NO;
				GCC_NO_COMMON_BLOCKS = YES;
				GCC_OPTIMIZATION_LEVEL = 0;
				GCC_PREPROCESSOR_DEFINITIONS = (
					"DEBUG=1",
					"$(inherited)",
				);
				IPHONEOS_DEPLOYMENT_TARGET = 17.0;
				LOCALIZATION_PREFERS_STRING_CATALOGS = YES;
				MTL_ENABLE_DEBUG_INFO = INCLUDE_SOURCE;
				ONLY_ACTIVE_ARCH = YES;
				SDKROOT = iphoneos;
				SWIFT_ACTIVE_COMPILATION_CONDITIONS = "DEBUG $(inherited)";
				SWIFT_OPTIMIZATION_LEVEL = "-Onone";
			};
			name = Debug;
		};
		7409E7BC6481BDD673D2CEA3 /* Release */ = {
			isa = XCBuildConfiguration;
			buildSettings = {
				ALWAYS_SEARCH_USER_PATHS = NO;
				ASSETCATALOG_COMPILER_GENERATE_SWIFT_ASSET_SYMBOL_EXTENSIONS = YES;
				CLANG_ANALYZER_NONNULL = YES;
				CLANG_CXX_LANGUAGE_STANDARD = "gnu++20";
				CLANG_ENABLE_MODULES = YES;
				CLANG_ENABLE_OBJC_ARC = YES;
				CLANG_ENABLE_OBJC_WEAK = YES;
				COPY_PHASE_STRIP = NO;
				DEBUG_INFORMATION_FORMAT = "dwarf-with-dsym";
				ENABLE_NS_ASSERTIONS = NO;
				ENABLE_STRICT_OBJC_MSGSEND = YES;
				ENABLE_USER_SCRIPT_SANDBOXING = YES;
				GCC_C_LANGUAGE_STANDARD = gnu17;
				GCC_NO_COMMON_BLOCKS = YES;
				IPHONEOS_DEPLOYMENT_TARGET = 17.0;
				LOCALIZATION_PREFERS_STRING_CATALOGS = YES;
				MTL_ENABLE_DEBUG_INFO = NO;
				SDKROOT = iphoneos;
				SWIFT_COMPILATION_MODE = wholemodule;
				VALIDATE_PRODUCT = YES;
			};
			name = Release;
		};
		8725D76236D8A86C1FCC5497 /* Release */ = {
			isa = XCBuildConfiguration;
			buildSettings = {
				BUNDLE_LOADER = "$(TEST_HOST)";
				CODE_SIGN_STYLE = Automatic;
				CURRENT_PROJECT_VERSION = 1;
				GENERATE_INFOPLIST_FILE = YES;
				IPHONEOS_DEPLOYMENT_TARGET = 17.0;
				MARKETING_VERSION = 1.0;
				PRODUCT_BUNDLE_IDENTIFIER = io.github.tuanmanh28.MobileLearningTests;
				PRODUCT_NAME = "$(TARGET_NAME)";
				SWIFT_EMIT_LOC_STRINGS = NO;
				SWIFT_VERSION = 5.0;
				TARGETED_DEVICE_FAMILY = "1,2";
				TEST_HOST = "$(BUILT_PRODUCTS_DIR)/MobileLearning.app/$(BUNDLE_EXECUTABLE_FOLDER_PATH)/MobileLearning";
			};
			name = Release;
		};
/* End XCBuildConfiguration section */

/* Begin XCConfigurationList section */
		6029C2A311A93470B6B308A2 /* Build configuration list for PBXNativeTarget "MobileLearning" */ = {
			isa = XCConfigurationList;
			buildConfigurations = (
				2972C6420F0D34310B86E2F8 /* Debug */,
				2FD0155F26E233B2734A5ABE /* Release */,
			);
			defaultConfigurationIsVisible = 0;
			defaultConfigurationName = Release;
		};
		7E2D2ED7FCE044E0820EB3DB /* Build configuration list for PBXNativeTarget "MobileLearningTests" */ = {
			isa = XCConfigurationList;
			buildConfigurations = (
				269D7B7DC8C4DD9D4F59C630 /* Debug */,
				8725D76236D8A86C1FCC5497 /* Release */,
			);
			defaultConfigurationIsVisible = 0;
			defaultConfigurationName = Release;
		};
		BE5EF68241937876CAFD9988 /* Build configuration list for PBXProject "MobileLearning" */ = {
			isa = XCConfigurationList;
			buildConfigurations = (
				734197C5DA7C6D9770CC6324 /* Debug */,
				7409E7BC6481BDD673D2CEA3 /* Release */,
			);
			defaultConfigurationIsVisible = 0;
			defaultConfigurationName = Release;
		};
/* End XCConfigurationList section */
	};
	rootObject = 905193E35734875467327024 /* Project object */;
}
